<?xml version="1.0" encoding="utf-8"?>
<Project ToolsVersion="4.0" xmlns="http://schemas.microsoft.com/developer/msbuild/2003">
  <ItemGroup>
    <Filter Include="Source Files">
      <UniqueIdentifier>{4FC737F1-C7A5-4376-A066-2A32D752A2FF}</UniqueIdentifier>
      <Extensions>cpp;c;cc;cxx;c++;cppm;ixx;def;odl;idl;hpj;bat;asm;asmx</Extensions>
    </Filter>
    <Filter Include="Resource Files">
      <UniqueIdentifier>{67DA6AB6-F800-4c08-8B7A-83BB121AAD01}</UniqueIdentifier>
      <Extensions>rc;ico;cur;bmp;dlg;rc2;rct;bin;rgs;gif;jpg;jpeg;jpe;resx;tiff;tif;png;wav;mfcribbon-ms</Extensions>
    </Filter>
  </ItemGroup>
  <ItemGroup>
    <ClInclude Include="framework.h">
      <Filter>Source Files</Filter>
    </ClInclude>
    <ClInclude Include="Resource.h">
      <Filter>Source Files</Filter>
    </ClInclude>
    <ClInclude Include="SazzajTD.h">
      <Filter>Source Files</Filter>
    </ClInclude>
    <ClInclude Include="targetver.h">
      <Filter>Source Files</Filter>
    </ClInclude>
    <ClInclude Include="AppManager.h">
      <Filter>Source Files</Filter>
    </ClInclude>
    <ClInclude Include="GameManager.h">
      <Filter>Source Files</Filter>
    </ClInclude>
    <ClInclude Include="GameObject.h">
      <Filter>Source Files</Filter>
    </ClInclude>
    <ClInclude Include="GameDefs.h">
      <Filter>Source Files</Filter>
    </ClInclude>
    <ClInclude Include="GameRenderer.h">
      <Filter>Source Files</Filter>
    </ClInclude>
    <ClInclude Include="AIUnit.h">
      <Filter>Source Files</Filter>
    </ClInclude>
    <ClInclude Include="GameBoard.h">
      <Filter>Source Files</Filter>
    </ClInclude>
    <ClInclude Include="GameInputManager.h">
      <Filter>Source Files</Filter>
    </ClInclude>
    <ClInclude Include="PlayerUnit.h">
      <Filter>Source Files</Filter>
    </ClInclude>
    <ClInclude Include="MemHelper.h">
      <Filter>Source Files</Filter>
    </ClInclude>
    <ClInclude Include="AnimatedTexture.h">
      <Filter>Source Files</Filter>
    </ClInclude>
    <ClInclude Include="GameBoardGenerator.h">
      <Filter>Source Files</Filter>
    </ClInclude>
    <ClInclude Include="GameLog.h">
      <Filter>Source Files</Filter>
    </ClInclude>
  </ItemGroup>
  <ItemGroup>
    <ClCompile Include="SazzajTD.cpp">
      <Filter>Source Files</Filter>
    </ClCompile>
    <ClCompile Include="AppManager.cpp">
      <Filter>Source Files</Filter>
    </ClCompile>
    <ClCompile Include="GameManager.cpp">
      <Filter>Source Files</Filter>
    </ClCompile>
    <ClCompile Include="GameObject.cpp">
      <Filter>Source Files</Filter>
    </ClCompile>
    <ClCompile Include="GameDefs.cpp">
      <Filter>Source Files</Filter>
    </ClCompile>
    <ClCompile Include="GameRenderer.cpp">
      <Filter>Source Files</Filter>
    </ClCompile>
    <ClCompile Include="AIUnit.cpp">
      <Filter>Source Files</Filter>
    </ClCompile>
    <ClCompile Include="GameBoard.cpp">
      <Filter>Source Files</Filter>
    </ClCompile>
    <ClCompile Include="GameInputManager.cpp">
      <Filter>Source Files</Filter>
    </ClCompile>
    <ClCompile Include="PlayerUnit.cpp">
      <Filter>Source Files</Filter>
    </ClCompile>
    <ClCompile Include="AnimatedTexture.cpp">
      <Filter>Source Files</Filter>
    </ClCompile>
    <ClCompile Include="GameBoardGenerator.cpp">
      <Filter>Source Files</Filter>
    </ClCompile>
    <ClCompile Include="GameLog.cpp">
      <Filter>Source Files</Filter>
    </ClCompile>
  </ItemGroup>
  <ItemGroup>
    <ResourceCompile Include="SazzajTD.rc">
      <Filter>Resource Files</Filter>
    </ResourceCompile>
  </ItemGroup>
  <ItemGroup>
    <Image Include="small.ico">
      <Filter>Resource Files</Filter>
    </Image>
    <Image Include="SazzajTD.ico">
      <Filter>Resource Files</Filter>
    </Image>
  </ItemGroup>
</Project>